
Microsoft Visual Studio Solution File, Format Version 12.00
# Visual Studio Version 16
VisualStudioVersion = 16.0.31911.196
MinimumVisualStudioVersion = 10.0.40219.1
Project("{FAE04EC0-301F-11D3-BF4B-00C04F79EFBC}") = "BackupCatalog", "BackupCatalog\BackupCatalog.csproj", "{9F584A5B-CEEE-4E14-AE93-A5204B44A669}"
EndProject
Project("{FAE04EC0-301F-11D3-BF4B-00C04F79EFBC}") = "BackupCatalogGUI", "BackupCatalogGUI\BackupCatalogGUI.csproj", "{5EE0ADDE-8BFB-4C7A-80A2-0DA41D5F8637}"
EndProject
Global
	GlobalSection(SolutionConfigurationPlatforms) = preSolution
		Debug|Any CPU = Debug|Any CPU
		Debug|x64 = Debug|x64
		Release|Any CPU = Release|Any CPU
		Release|x64 = Release|x64
	EndGlobalSection
	GlobalSection(ProjectConfigurationPlatforms) = postSolution
		{9F584A5B-CEEE-4E14-AE93-A5204B44A669}.Debug|Any CPU.ActiveCfg = Debug|Any CPU
		{9F584A5B-CEEE-4E14-AE93-A5204B44A669}.Debug|Any CPU.Build.0 = Debug|Any CPU
		{9F584A5B-CEEE-4E14-AE93-A5204B44A669}.Debug|x64.ActiveCfg = Debug|Any CPU
		{9F584A5B-CEEE-4E14-AE93-A5204B44A669}.Debug|x64.Build.0 = Debug|Any CPU
		{9F584A5B-CEEE-4E14-AE93-A5204B44A669}.Release|Any CPU.ActiveCfg = Release|Any CPU
		{9F584A5B-CEEE-4E14-AE93-A5204B44A669}.Release|Any CPU.Build.0 = Release|Any CPU
		{9F584A5B-CEEE-4E14-AE93-A5204B44A669}.Release|x64.ActiveCfg = Release|x64
		{9F584A5B-CEEE-4E14-AE93-A5204B44A669}.Release|x64.Build.0 = Release|x64
		{5EE0ADDE-8BFB-4C7A-80A2-0DA41D5F8637}.Debug|Any CPU.ActiveCfg = Debug|Any CPU
		{5EE0ADDE-8BFB-4C7A-80A2-0DA41D5F8637}.Debug|Any CPU.Build.0 = Debug|Any CPU
		{5EE0ADDE-8BFB-4C7A-80A2-0DA41D5F8637}.Debug|x64.ActiveCfg = Debug|Any CPU
		{5EE0ADDE-8BFB-4C7A-80A2-0DA41D5F8637}.Debug|x64.Build.0 = Debug|Any CPU
		{5EE0ADDE-8BFB-4C7A-80A2-0DA41D5F8637}.Release|Any CPU.ActiveCfg = Release|Any CPU
		{5EE0ADDE-8BFB-4C7A-80A2-0DA41D5F8637}.Release|Any CPU.Build.0 = Release|Any CPU
		{5EE0ADDE-8BFB-4C7A-80A2-0DA41D5F8637}.Release|x64.ActiveCfg = Release|x64
		{5EE0ADDE-8BFB-4C7A-80A2-0DA41D5F8637}.Release|x64.Build.0 = Release|x64
	EndGlobalSection
	GlobalSection(SolutionProperties) = preSolution
		HideSolutionNode = FALSE
	EndGlobalSection
	GlobalSection(ExtensibilityGlobals) = postSolution
		SolutionGuid = {CE5F1F95-8B6B-4168-9B62-D06A63CFB9BC}
	EndGlobalSection
EndGlobal
